PODS:
  - SocketRocket (0.5.1)
  - StompClientLib (0.1.0):
    - SocketRocket

DEPENDENCIES:
  - SocketRocket
  - StompClientLib (from `../`)

EXTERNAL SOURCES:
  StompClientLib:
    :path: ../

SPEC CHECKSUMS:
  SocketRocket: d57c7159b83c3c6655745cd15302aa24b6bae531
  StompClientLib: f81f5da014a85af0bfde17f1b59bb5f6d0a2bbcc

PODFILE CHECKSUM: cf2d814b7f53a6a965a84cf4f08bcbfda90ae85d

COCOAPODS: 1.2.1
